schema: '2.0'
stages:
  data_ingestion:
    cmd: python src/data_ingestion.py
    deps:
    - path: src/data_ingestion.py
      hash: md5
      md5: 8244330ce55c6ee762ee6ae79055dc0c
      size: 3508
    outs:
    - path: data/raw
      hash: md5
      md5: 04dd235295cb72c313e376c794dbd399.dir
      size: 484846
      nfiles: 2
  data_preprocessing:
    cmd: python src/data_preprocessing.py
    deps:
    - path: data/raw
      hash: md5
      md5: 04dd235295cb72c313e376c794dbd399.dir
      size: 484846
      nfiles: 2
    - path: src/data_preprocessing.py
      hash: md5
      md5: faea0cbfc2c582c129c42bb97ed67347
      size: 4002
    outs:
    - path: data/interim
      hash: md5
      md5: a93065f5a2727e5e7dd327b4604144d5.dir
      size: 261440
      nfiles: 2
  feature_engineering:
    cmd: python src/feature_engineering.py
    deps:
    - path: data/interim
      hash: md5
      md5: a93065f5a2727e5e7dd327b4604144d5.dir
      size: 261440
      nfiles: 2
    - path: src/feature_engineering.py
      hash: md5
      md5: 125fabf655aaed1957039b1b1ee8ac54
      size: 3912
    outs:
    - path: data/processed
      hash: md5
      md5: 5d9011b3f4fce66f1dd9e46330e11127.dir
      size: 1183779
      nfiles: 2
  model_building:
    cmd: python src/model_building.py
    deps:
    - path: data/processed
      hash: md5
      md5: 5d9011b3f4fce66f1dd9e46330e11127.dir
      size: 1183779
      nfiles: 2
    - path: src/model_building.py
      hash: md5
      md5: ac8240d49c31533431fff7e2728077a7
      size: 4480
    outs:
    - path: models/model.pkl
      hash: md5
      md5: 41168d8c4a8ef2c47df410de9e10092d
      size: 946134
  model_evaluation:
    cmd: python src/model_evaluation.py
    deps:
    - path: models/model.pkl
      hash: md5
      md5: 41168d8c4a8ef2c47df410de9e10092d
      size: 946134
    - path: src/model_evaluation.py
      hash: md5
      md5: 211545b3e4ae279228a171a1c7420f3a
      size: 4676
    outs:
    - path: reports/metrics.json
      hash: md5
      md5: c0671516a0eb9ddf417446694f127f81
      size: 133
